
Microsoft Visual Studio Solution File, Format Version 12.00
# Visual Studio Version 16
VisualStudioVersion = 16.0.30711.63
MinimumVisualStudioVersion = 10.0.40219.1
Project("{9A19103F-16F7-4668-BE54-9A1E7A4F7556}") = "BlazorClient", "BlazorClient\BlazorClient.csproj", "{FD27AF47-17AE-4EAA-9A76-C6E42169D5C2}"
EndProject
Project("{9A19103F-16F7-4668-BE54-9A1E7A4F7556}") = "BlazorGallery", "BlazorGallery\BlazorGallery.csproj", "{B655C89B-135A-4B4B-A217-30CC758F7AE0}"
EndProject
Global
	GlobalSection(SolutionConfigurationPlatforms) = preSolution
		Debug|Any CPU = Debug|Any CPU
		Release|Any CPU = Release|Any CPU
	EndGlobalSection
	GlobalSection(ProjectConfigurationPlatforms) = postSolution
		{FD27AF47-17AE-4EAA-9A76-C6E42169D5C2}.Debug|Any CPU.ActiveCfg = Debug|Any CPU
		{FD27AF47-17AE-4EAA-9A76-C6E42169D5C2}.Debug|Any CPU.Build.0 = Debug|Any CPU
		{FD27AF47-17AE-4EAA-9A76-C6E42169D5C2}.Release|Any CPU.ActiveCfg = Release|Any CPU
		{FD27AF47-17AE-4EAA-9A76-C6E42169D5C2}.Release|Any CPU.Build.0 = Release|Any CPU
		{B655C89B-135A-4B4B-A217-30CC758F7AE0}.Debug|Any CPU.ActiveCfg = Debug|Any CPU
		{B655C89B-135A-4B4B-A217-30CC758F7AE0}.Debug|Any CPU.Build.0 = Debug|Any CPU
		{B655C89B-135A-4B4B-A217-30CC758F7AE0}.Release|Any CPU.ActiveCfg = Release|Any CPU
		{B655C89B-135A-4B4B-A217-30CC758F7AE0}.Release|Any CPU.Build.0 = Release|Any CPU
	EndGlobalSection
	GlobalSection(SolutionProperties) = preSolution
		HideSolutionNode = FALSE
	EndGlobalSection
	GlobalSection(ExtensibilityGlobals) = postSolution
		SolutionGuid = {EAE90908-1E1C-43B8-86D7-B096C52CE4F2}
	EndGlobalSection
EndGlobal
